
Microsoft Visual Studio Solution File, Format Version 12.00
# Visual Studio Version 16
VisualStudioVersion = 16.0.32126.315
MinimumVisualStudioVersion = 10.0.40219.1
Project("{FAE04EC0-301F-11D3-BF4B-00C04F79EFBC}") = "Borrowings.WebApi", "Borrowings.WebApi\Borrowings.WebApi.csproj", "{6072B455-6A94-458C-A8E4-4D4F6DCD1CBF}"
EndProject
Global
	GlobalSection(SolutionConfigurationPlatforms) = preSolution
		Debug|Any CPU = Debug|Any CPU
		Release|Any CPU = Release|Any CPU
	EndGlobalSection
	GlobalSection(ProjectConfigurationPlatforms) = postSolution
		{6072B455-6A94-458C-A8E4-4D4F6DCD1CBF}.Debug|Any CPU.ActiveCfg = Debug|Any CPU
		{6072B455-6A94-458C-A8E4-4D4F6DCD1CBF}.Debug|Any CPU.Build.0 = Debug|Any CPU
		{6072B455-6A94-458C-A8E4-4D4F6DCD1CBF}.Release|Any CPU.ActiveCfg = Release|Any CPU
		{6072B455-6A94-458C-A8E4-4D4F6DCD1CBF}.Release|Any CPU.Build.0 = Release|Any CPU
	EndGlobalSection
	GlobalSection(SolutionProperties) = preSolution
		HideSolutionNode = FALSE
	EndGlobalSection
	GlobalSection(ExtensibilityGlobals) = postSolution
		SolutionGuid = {DE7E534C-B040-440D-AE16-7B72B2551889}
	EndGlobalSection
EndGlobal
